// !$*UTF8*$!
{
	archiveVersion = 1;
	classes = {
	};
	objectVersion = 52;
	objects = {

/* Begin PBXBuildFile section */
		6F5FC1D927465FAF00423B08 /* AppDelegate.swift in Sources */ = {isa = PBXBuildFile; fileRef = 6F5FC1D827465FAF00423B08 /* AppDelegate.swift */; };
		6F5FC1DB27465FAF00423B08 /* SceneDelegate.swift in Sources */ = {isa = PBXBuildFile; fileRef = 6F5FC1DA27465FAF00423B08 /* SceneDelegate.swift */; };
		6F5FC1DD27465FAF00423B08 /* ViewController.swift in Sources */ = {isa = PBXBuildFile; fileRef = 6F5FC1DC27465FAF00423B08 /* ViewController.swift */; };
		6F5FC1E027465FAF00423B08 /* Main.storyboard in Resources */ = {isa = PBXBuildFile; fileRef = 6F5FC1DE27465FAF00423B08 /* Main.storyboard */; };
		6F5FC1E227465FB500423B08 /* Assets.xcassets in Resources */ = {isa = PBXBuildFile; fileRef = 6F5FC1E127465FB500423B08 /* Assets.xcassets */; };
		6F5FC1E527465FB500423B08 /* LaunchScreen.storyboard in Resources */ = {isa = PBXBuildFile; fileRef = 6F5FC1E327465FB500423B08 /* LaunchScreen.storyboard */; };
		6F5FC1F027465FB600423B08 /* aozoraTests.swift in Sources */ = {isa = PBXBuildFile; fileRef = 6F5FC1EF27465FB600423B08 /* aozoraTests.swift */; };
		6F5FC1FB27465FB600423B08 /* aozoraUITests.swift in Sources */ = {isa = PBXBuildFile; fileRef = 6F5FC1FA27465FB600423B08 /* aozoraUITests.swift */; };
		6F5FC20A274663D100423B08 /* Realm in Frameworks */ = {isa = PBXBuildFile; productRef = 6F5FC209274663D100423B08 /* Realm */; };
		6F5FC20C274663D100423B08 /* RealmSwift in Frameworks */ = {isa = PBXBuildFile; productRef = 6F5FC20B274663D100423B08 /* RealmSwift */; };
/* End PBXBuildFile section */

/* Begin PBXContainerItemProxy section */
		6F5FC1EC27465FB600423B08 /* PBXContainerItemProxy */ = {
			isa = PBXContainerItemProxy;
			containerPortal = 6F5FC1CD27465FAF00423B08 /* Project object */;
			proxyType = 1;
			remoteGlobalIDString = 6F5FC1D427465FAF00423B08;
			remoteInfo = aozora;
		};
		6F5FC1F727465FB600423B08 /* PBXContainerItemProxy */ = {
			isa = PBXContainerItemProxy;
			containerPortal = 6F5FC1CD27465FAF00423B08 /* Project object */;
			proxyType = 1;
			remoteGlobalIDString = 6F5FC1D427465FAF00423B08;
			remoteInfo = aozora;
		};
/* End PBXContainerItemProxy section */

/* Begin PBXFileReference section */
		6F5FC1D527465FAF00423B08 /* aozora.app */ = {isa = PBXFileReference; explicitFileType = wrapper.application; includeInIndex = 0; path = aozora.app; sourceTree = BUILT_PRODUCTS_DIR; };
		6F5FC1D827465FAF00423B08 /* AppDelegate.swift */ = {isa = PBXFileReference; lastKnownFileType = sourcecode.swift; path = AppDelegate.swift; sourceTree = "<group>"; };
		6F5FC1DA27465FAF00423B08 /* SceneDelegate.swift */ = {isa = PBXFileReference; lastKnownFileType = sourcecode.swift; path = SceneDelegate.swift; sourceTree = "<group>"; };
		6F5FC1DC27465FAF00423B08 /* ViewController.swift */ = {isa = PBXFileReference; lastKnownFileType = sourcecode.swift; path = ViewController.swift; sourceTree = "<group>"; };
		6F5FC1DF27465FAF00423B08 /* Base */ = {isa = PBXFileReference; lastKnownFileType = file.storyboard; name = Base; path = Base.lproj/Main.storyboard; sourceTree = "<group>"; };
		6F5FC1E127465FB500423B08 /* Assets.xcassets */ = {isa = PBXFileReference; lastKnownFileType = folder.assetcatalog; path = Assets.xcassets; sourceTree = "<group>"; };
		6F5FC1E427465FB500423B08 /* Base */ = {isa = PBXFileReference; lastKnownFileType = file.storyboard; name = Base; path = Base.lproj/LaunchScreen.storyboard; sourceTree = "<group>"; };
		6F5FC1E627465FB500423B08 /* Info.plist */ = {isa = PBXFileReference; lastKnownFileType = text.plist.xml; path = Info.plist; sourceTree = "<group>"; };
		6F5FC1EB27465FB600423B08 /* aozoraTests.xctest */ = {isa = PBXFileReference; explicitFileType = wrapper.cfbundle; includeInIndex = 0; path = aozoraTests.xctest; sourceTree = BUILT_PRODUCTS_DIR; };
		6F5FC1EF27465FB600423B08 /* aozoraTests.swift */ = {isa = PBXFileReference; lastKnownFileType = sourcecode.swift; path = aozoraTests.swift; sourceTree = "<group>"; };
		6F5FC1F127465FB600423B08 /* Info.plist */ = {isa = PBXFileReference; lastKnownFileType = text.plist.xml; path = Info.plist; sourceTree = "<group>"; };
		6F5FC1F627465FB600423B08 /* aozoraUITests.xctest */ = {isa = PBXFileReference; explicitFileType = wrapper.cfbundle; includeInIndex = 0; path = aozoraUITests.xctest; sourceTree = BUILT_PRODUCTS_DIR; };
		6F5FC1FA27465FB600423B08 /* aozoraUITests.swift */ = {isa = PBXFileReference; lastKnownFileType = sourcecode.swift; path = aozoraUITests.swift; sourceTree = "<group>"; };
		6F5FC1FC27465FB600423B08 /* Info.plist */ = {isa = PBXFileReference; lastKnownFileType = text.plist.xml; path = Info.plist; sourceTree = "<group>"; };
/* End PBXFileReference section */

/* Begin PBXFrameworksBuildPhase section */
		6F5FC1D227465FAF00423B08 /* Frameworks */ = {
			isa = PBXFrameworksBuildPhase;
			buildActionMask = 2147483647;
			files = (
				6F5FC20C274663D100423B08 /* RealmSwift in Frameworks */,
				6F5FC20A274663D100423B08 /* Realm in Frameworks */,
			);
			runOnlyForDeploymentPostprocessing = 0;
		};
		6F5FC1E827465FB600423B08 /* Frameworks */ = {
			isa = PBXFrameworksBuildPhase;
			buildActionMask = 2147483647;
			files = (
			);
			runOnlyForDeploymentPostprocessing = 0;
		};
		6F5FC1F327465FB600423B08 /* Frameworks */ = {
			isa = PBXFrameworksBuildPhase;
			buildActionMask = 2147483647;
			files = (
			);
			runOnlyForDeploymentPostprocessing = 0;
		};
/* End PBXFrameworksBuildPhase section */

/* Begin PBXGroup section */
		6F5FC1CC27465FAF00423B08 = {
			isa = PBXGroup;
			children = (
				6F5FC1D727465FAF00423B08 /* aozora */,
				6F5FC1EE27465FB600423B08 /* aozoraTests */,
				6F5FC1F927465FB600423B08 /* aozoraUITests */,
				6F5FC1D627465FAF00423B08 /* Products */,
			);
			sourceTree = "<group>";
		};
		6F5FC1D627465FAF00423B08 /* Products */ = {
			isa = PBXGroup;
			children = (
				6F5FC1D527465FAF00423B08 /* aozora.app */,
				6F5FC1EB27465FB600423B08 /* aozoraTests.xctest */,
				6F5FC1F627465FB600423B08 /* aozoraUITests.xctest */,
			);
			name = Products;
			sourceTree = "<group>";
		};
		6F5FC1D727465FAF00423B08 /* aozora */ = {
			isa = PBXGroup;
			children = (
				6F5FC20F2749B8BB00423B08 /* Source */,
				6F5FC2102749B8CB00423B08 /* UI */,
				6F5FC2112749B8E900423B08 /* Supporting Files */,
				6F5FC1E127465FB500423B08 /* Assets.xcassets */,
			);
			path = aozora;
			sourceTree = "<group>";
		};
		6F5FC1EE27465FB600423B08 /* aozoraTests */ = {
			isa = PBXGroup;
			children = (
				6F5FC1EF27465FB600423B08 /* aozoraTests.swift */,
				6F5FC1F127465FB600423B08 /* Info.plist */,
			);
			path = aozoraTests;
			sourceTree = "<group>";
		};
		6F5FC1F927465FB600423B08 /* aozoraUITests */ = {
			isa = PBXGroup;
			children = (
				6F5FC1FA27465FB600423B08 /* aozoraUITests.swift */,
				6F5FC1FC27465FB600423B08 /* Info.plist */,
			);
			path = aozoraUITests;
			sourceTree = "<group>";
		};
		6F5FC20D2746683600423B08 /* ViewController */ = {
			isa = PBXGroup;
			children = (
				6F5FC1DC27465FAF00423B08 /* ViewController.swift */,
			);
			path = ViewController;
			sourceTree = "<group>";
		};
		6F5FC20E2746684B00423B08 /* ViewModel */ = {
			isa = PBXGroup;
			children = (
			);
			path = ViewModel;
			sourceTree = "<group>";
		};
		6F5FC20F2749B8BB00423B08 /* Source */ = {
			isa = PBXGroup;
			children = (
				6F5FC20D2746683600423B08 /* ViewController */,
				6F5FC20E2746684B00423B08 /* ViewModel */,
				6F5FC1D827465FAF00423B08 /* AppDelegate.swift */,
				6F5FC1DA27465FAF00423B08 /* SceneDelegate.swift */,
			);
			path = Source;
			sourceTree = "<group>";
		};
		6F5FC2102749B8CB00423B08 /* UI */ = {
			isa = PBXGroup;
			children = (
				6F5FC1DE27465FAF00423B08 /* Main.storyboard */,
				6F5FC1E327465FB500423B08 /* LaunchScreen.storyboard */,
			);
			path = UI;
			sourceTree = "<group>";
		};
		6F5FC2112749B8E900423B08 /* Supporting Files */ = {
			isa = PBXGroup;
			children = (
				6F5FC1E627465FB500423B08 /* Info.plist */,
			);
			path = "Supporting Files";
			sourceTree = "<group>";
		};
/* End PBXGroup section */

/* Begin PBXNativeTarget section */
		6F5FC1D427465FAF00423B08 /* aozora */ = {
			isa = PBXNativeTarget;
			buildConfigurationList = 6F5FC1FF27465FB600423B08 /* Build configuration list for PBXNativeTarget "aozora" */;
			buildPhases = (
				6F5FC1D127465FAF00423B08 /* Sources */,
				6F5FC1D227465FAF00423B08 /* Frameworks */,
				6F5FC1D327465FAF00423B08 /* Resources */,
			);
			buildRules = (
			);
			dependencies = (
			);
			name = aozora;
			packageProductDependencies = (
				6F5FC209274663D100423B08 /* Realm */,
				6F5FC20B274663D100423B08 /* RealmSwift */,
			);
			productName = aozora;
			productReference = 6F5FC1D527465FAF00423B08 /* aozora.app */;
			productType = "com.apple.product-type.application";
		};
		6F5FC1EA27465FB600423B08 /* aozoraTests */ = {
			isa = PBXNativeTarget;
			buildConfigurationList = 6F5FC20227465FB600423B08 /* Build configuration list for PBXNativeTarget "aozoraTests" */;
			buildPhases = (
				6F5FC1E727465FB600423B08 /* Sources */,
				6F5FC1E827465FB600423B08 /* Frameworks */,
				6F5FC1E927465FB600423B08 /* Resources */,
			);
			buildRules = (
			);
			dependencies = (
				6F5FC1ED27465FB600423B08 /* PBXTargetDependency */,
			);
			name = aozoraTests;
			productName = aozoraTests;
			productReference = 6F5FC1EB27465FB600423B08 /* aozoraTests.xctest */;
			productType = "com.apple.product-type.bundle.unit-test";
		};
		6F5FC1F527465FB600423B08 /* aozoraUITests */ = {
			isa = PBXNativeTarget;
			buildConfigurationList = 6F5FC20527465FB600423B08 /* Build configuration list for PBXNativeTarget "aozoraUITests" */;
			buildPhases = (
				6F5FC1F227465FB600423B08 /* Sources */,
				6F5FC1F327465FB600423B08 /* Frameworks */,
				6F5FC1F427465FB600423B08 /* Resources */,
			);
			buildRules = (
			);
			dependencies = (
				6F5FC1F827465FB600423B08 /* PBXTargetDependency */,
			);
			name = aozoraUITests;
			productName = aozoraUITests;
			productReference = 6F5FC1F627465FB600423B08 /* aozoraUITests.xctest */;
			productType = "com.apple.product-type.bundle.ui-testing";
		};
/* End PBXNativeTarget section */

/* Begin PBXProject section */
		6F5FC1CD27465FAF00423B08 /* Project object */ = {
			isa = PBXProject;
			attributes = {
				LastSwiftUpdateCheck = 1250;
				LastUpgradeCheck = 1250;
				TargetAttributes = {
					6F5FC1D427465FAF00423B08 = {
						CreatedOnToolsVersion = 12.5.1;
					};
					6F5FC1EA27465FB600423B08 = {
						CreatedOnToolsVersion = 12.5.1;
						TestTargetID = 6F5FC1D427465FAF00423B08;
					};
					6F5FC1F527465FB600423B08 = {
						CreatedOnToolsVersion = 12.5.1;
						TestTargetID = 6F5FC1D427465FAF00423B08;
					};
				};
			};
			buildConfigurationList = 6F5FC1D027465FAF00423B08 /* Build configuration list for PBXProject "aozora" */;
			compatibilityVersion = "Xcode 9.3";
			developmentRegion = en;
			hasScannedForEncodings = 0;
			knownRegions = (
				en,
				Base,
			);
			mainGroup = 6F5FC1CC27465FAF00423B08;
			packageReferences = (
				6F5FC208274663D100423B08 /* XCRemoteSwiftPackageReference "realm-cocoa" */,
			);
			productRefGroup = 6F5FC1D627465FAF00423B08 /* Products */;
			projectDirPath = "";
			projectRoot = "";
			targets = (
				6F5FC1D427465FAF00423B08 /* aozora */,
				6F5FC1EA27465FB600423B08 /* aozoraTests */,
				6F5FC1F527465FB600423B08 /* aozoraUITests */,
			);
		};
/* End PBXProject section */

/* Begin PBXResourcesBuildPhase section */
		6F5FC1D327465FAF00423B08 /* Resources */ = {
			isa = PBXResourcesBuildPhase;
			buildActionMask = 2147483647;
			files = (
				6F5FC1E527465FB500423B08 /* LaunchScreen.storyboard in Resources */,
				6F5FC1E227465FB500423B08 /* Assets.xcassets in Resources */,
				6F5FC1E027465FAF00423B08 /* Main.storyboard in Resources */,
			);
			runOnlyForDeploymentPostprocessing = 0;
		};
		6F5FC1E927465FB600423B08 /* Resources */ = {
			isa = PBXResourcesBuildPhase;
			buildActionMask = 2147483647;
			files = (
			);
			runOnlyForDeploymentPostprocessing = 0;
		};
		6F5FC1F427465FB600423B08 /* Resources */ = {
			isa = PBXResourcesBuildPhase;
			buildActionMask = 2147483647;
			files = (
			);
			runOnlyForDeploymentPostprocessing = 0;
		};
/* End PBXResourcesBuildPhase section */

/* Begin PBXSourcesBuildPhase section */
		6F5FC1D127465FAF00423B08 /* Sources */ = {
			isa = PBXSourcesBuildPhase;
			buildActionMask = 2147483647;
			files = (
				6F5FC1DD27465FAF00423B08 /* ViewController.swift in Sources */,
				6F5FC1D927465FAF00423B08 /* AppDelegate.swift in Sources */,
				6F5FC1DB27465FAF00423B08 /* SceneDelegate.swift in Sources */,
			);
			runOnlyForDeploymentPostprocessing = 0;
		};
		6F5FC1E727465FB600423B08 /* Sources */ = {
			isa = PBXSourcesBuildPhase;
			buildActionMask = 2147483647;
			files = (
				6F5FC1F027465FB600423B08 /* aozoraTests.swift in Sources */,
			);
			runOnlyForDeploymentPostprocessing = 0;
		};
		6F5FC1F227465FB600423B08 /* Sources */ = {
			isa = PBXSourcesBuildPhase;
			buildActionMask = 2147483647;
			files = (
				6F5FC1FB27465FB600423B08 /* aozoraUITests.swift in Sources */,
			);
			runOnlyForDeploymentPostprocessing = 0;
		};
/* End PBXSourcesBuildPhase section */

/* Begin PBXTargetDependency section */
		6F5FC1ED27465FB600423B08 /* PBXTargetDependency */ = {
			isa = PBXTargetDependency;
			target = 6F5FC1D427465FAF00423B08 /* aozora */;
			targetProxy = 6F5FC1EC27465FB600423B08 /* PBXContainerItemProxy */;
		};
		6F5FC1F827465FB600423B08 /* PBXTargetDependency */ = {
			isa = PBXTargetDependency;
			target = 6F5FC1D427465FAF00423B08 /* aozora */;
			targetProxy = 6F5FC1F727465FB600423B08 /* PBXContainerItemProxy */;
		};
/* End PBXTargetDependency section */

/* Begin PBXVariantGroup section */
		6F5FC1DE27465FAF00423B08 /* Main.storyboard */ = {
			isa = PBXVariantGroup;
			children = (
				6F5FC1DF27465FAF00423B08 /* Base */,
			);
			name = Main.storyboard;
			sourceTree = "<group>";
		};
		6F5FC1E327465FB500423B08 /* LaunchScreen.storyboard */ = {
			isa = PBXVariantGroup;
			children = (
				6F5FC1E427465FB500423B08 /* Base */,
			);
			name = LaunchScreen.storyboard;
			sourceTree = "<group>";
		};
/* End PBXVariantGroup section */

/* Begin XCBuildConfiguration section */
		6F5FC1FD27465FB600423B08 /* Debug */ = {
			isa = XCBuildConfiguration;
			buildSettings = {
				ALWAYS_SEARCH_USER_PATHS = NO;
				CLANG_ANALYZER_NONNULL = YES;
				CLANG_ANALYZER_NUMBER_OBJECT_CONVERSION = YES_AGGRESSIVE;
				CLANG_CXX_LANGUAGE_STANDARD = "gnu++14";
				CLANG_CXX_LIBRARY = "libc++";
				CLANG_ENABLE_MODULES = YES;
				CLANG_ENABLE_OBJC_ARC = YES;
				CLANG_ENABLE_OBJC_WEAK = YES;
				CLANG_WARN_BLOCK_CAPTURE_AUTORELEASING = YES;
				CLANG_WARN_BOOL_CONVERSION = YES;
				CLANG_WARN_COMMA = YES;
				CLANG_WARN_CONSTANT_CONVERSION = YES;
				CLANG_WARN_DEPRECATED_OBJC_IMPLEMENTATIONS = YES;
				CLANG_WARN_DIRECT_OBJC_ISA_USAGE = YES_ERROR;
				CLANG_WARN_DOCUMENTATION_COMMENTS = YES;
				CLANG_WARN_EMPTY_BODY = YES;
				CLANG_WARN_ENUM_CONVERSION = YES;
				CLANG_WARN_INFINITE_RECURSION = YES;
				CLANG_WARN_INT_CONVERSION = YES;
				CLANG_WARN_NON_LITERAL_NULL_CONVERSION = YES;
				CLANG_WARN_OBJC_IMPLICIT_RETAIN_SELF = YES;
				CLANG_WARN_OBJC_LITERAL_CONVERSION = YES;
				CLANG_WARN_OBJC_ROOT_CLASS = YES_ERROR;
				CLANG_WARN_QUOTED_INCLUDE_IN_FRAMEWORK_HEADER = YES;
				CLANG_WARN_RANGE_LOOP_ANALYSIS = YES;
				CLANG_WARN_STRICT_PROTOTYPES = YES;
				CLANG_WARN_SUSPICIOUS_MOVE = YES;
				CLANG_WARN_UNGUARDED_AVAILABILITY = YES_AGGRESSIVE;
				CLANG_WARN_UNREACHABLE_CODE = YES;
				CLANG_WARN__DUPLICATE_METHOD_MATCH = YES;
				COPY_PHASE_STRIP = NO;
				DEBUG_INFORMATION_FORMAT = dwarf;
				ENABLE_STRICT_OBJC_MSGSEND = YES;
				ENABLE_TESTABILITY = YES;
				GCC_C_LANGUAGE_STANDARD = gnu11;
				GCC_DYNAMIC_NO_PIC = NO;
				GCC_NO_COMMON_BLOCKS = YES;
				GCC_OPTIMIZATION_LEVEL = 0;
				GCC_PREPROCESSOR_DEFINITIONS = (
					"DEBUG=1",
					"$(inherited)",
				);
				GCC_WARN_64_TO_32_BIT_CONVERSION = YES;
				GCC_WARN_ABOUT_RETURN_TYPE = YES_ERROR;
				GCC_WARN_UNDECLARED_SELECTOR = YES;
				GCC_WARN_UNINITIALIZED_AUTOS = YES_AGGRESSIVE;
				GCC_WARN_UNUSED_FUNCTION = YES;
				GCC_WARN_UNUSED_VARIABLE = YES;
				IPHONEOS_DEPLOYMENT_TARGET = 14.5;
				MTL_ENABLE_DEBUG_INFO = INCLUDE_SOURCE;
				MTL_FAST_MATH = YES;
				ONLY_ACTIVE_ARCH = YES;
				SDKROOT = iphoneos;
				SWIFT_ACTIVE_COMPILATION_CONDITIONS = DEBUG;
				SWIFT_OPTIMIZATION_LEVEL = "-Onone";
			};
			name = Debug;
		};
		6F5FC1FE27465FB600423B08 /* Release */ = {
			isa = XCBuildConfiguration;
			buildSettings = {
				ALWAYS_SEARCH_USER_PATHS = NO;
				CLANG_ANALYZER_NONNULL = YES;
				CLANG_ANALYZER_NUMBER_OBJECT_CONVERSION = YES_AGGRESSIVE;
				CLANG_CXX_LANGUAGE_STANDARD = "gnu++14";
				CLANG_CXX_LIBRARY = "libc++";
				CLANG_ENABLE_MODULES = YES;
				CLANG_ENABLE_OBJC_ARC = YES;
				CLANG_ENABLE_OBJC_WEAK = YES;
				CLANG_WARN_BLOCK_CAPTURE_AUTORELEASING = YES;
				CLANG_WARN_BOOL_CONVERSION = YES;
				CLANG_WARN_COMMA = YES;
				CLANG_WARN_CONSTANT_CONVERSION = YES;
				CLANG_WARN_DEPRECATED_OBJC_IMPLEMENTATIONS = YES;
				CLANG_WARN_DIRECT_OBJC_ISA_USAGE = YES_ERROR;
				CLANG_WARN_DOCUMENTATION_COMMENTS = YES;
				CLANG_WARN_EMPTY_BODY = YES;
				CLANG_WARN_ENUM_CONVERSION = YES;
				CLANG_WARN_INFINITE_RECURSION = YES;
				CLANG_WARN_INT_CONVERSION = YES;
				CLANG_WARN_NON_LITERAL_NULL_CONVERSION = YES;
				CLANG_WARN_OBJC_IMPLICIT_RETAIN_SELF = YES;
				CLANG_WARN_OBJC_LITERAL_CONVERSION = YES;
				CLANG_WARN_OBJC_ROOT_CLASS = YES_ERROR;
				CLANG_WARN_QUOTED_INCLUDE_IN_FRAMEWORK_HEADER = YES;
				CLANG_WARN_RANGE_LOOP_ANALYSIS = YES;
				CLANG_WARN_STRICT_PROTOTYPES = YES;
				CLANG_WARN_SUSPICIOUS_MOVE = YES;
				CLANG_WARN_UNGUARDED_AVAILABILITY = YES_AGGRESSIVE;
				CLANG_WARN_UNREACHABLE_CODE = YES;
				CLANG_WARN__DUPLICATE_METHOD_MATCH = YES;
				COPY_PHASE_STRIP = NO;
				DEBUG_INFORMATION_FORMAT = "dwarf-with-dsym";
				ENABLE_NS_ASSERTIONS = NO;
				ENABLE_STRICT_OBJC_MSGSEND = YES;
				GCC_C_LANGUAGE_STANDARD = gnu11;
				GCC_NO_COMMON_BLOCKS = YES;
				GCC_WARN_64_TO_32_BIT_CONVERSION = YES;
				GCC_WARN_ABOUT_RETURN_TYPE = YES_ERROR;
				GCC_WARN_UNDECLARED_SELECTOR = YES;
				GCC_WARN_UNINITIALIZED_AUTOS = YES_AGGRESSIVE;
				GCC_WARN_UNUSED_FUNCTION = YES;
				GCC_WARN_UNUSED_VARIABLE = YES;
				IPHONEOS_DEPLOYMENT_TARGET = 14.5;
				MTL_ENABLE_DEBUG_INFO = NO;
				MTL_FAST_MATH = YES;
				SDKROOT = iphoneos;
				SWIFT_COMPILATION_MODE = wholemodule;
				SWIFT_OPTIMIZATION_LEVEL = "-O";
				VALIDATE_PRODUCT = YES;
			};
			name = Release;
		};
		6F5FC20027465FB600423B08 /* Debug */ = {
			isa = XCBuildConfiguration;
			buildSettings = {
				ASSETCATALOG_COMPILER_APPICON_NAME = AppIcon;
				ASSETCATALOG_COMPILER_GLOBAL_ACCENT_COLOR_NAME = AccentColor;
				CODE_SIGN_STYLE = Automatic;
				DEVELOPMENT_TEAM = TDK24MYJKX;
				INFOPLIST_FILE = aozora/Info.plist;
				LD_RUNPATH_SEARCH_PATHS = (
					"$(inherited)",
					"@executable_path/Frameworks",
				);
				PRODUCT_BUNDLE_IDENTIFIER = "com.gmail-yoshiki.tx.aozora";
				PRODUCT_NAME = "$(TARGET_NAME)";
				SWIFT_VERSION = 5.0;
				TARGETED_DEVICE_FAMILY = "1,2";
			};
			name = Debug;
		};
		6F5FC20127465FB600423B08 /* Release */ = {
			isa = XCBuildConfiguration;
			buildSettings = {
				ASSETCATALOG_COMPILER_APPICON_NAME = AppIcon;
				ASSETCATALOG_COMPILER_GLOBAL_ACCENT_COLOR_NAME = AccentColor;
				CODE_SIGN_STYLE = Automatic;
				DEVELOPMENT_TEAM = TDK24MYJKX;
				INFOPLIST_FILE = aozora/Info.plist;
				LD_RUNPATH_SEARCH_PATHS = (
					"$(inherited)",
					"@executable_path/Frameworks",
				);
				PRODUCT_BUNDLE_IDENTIFIER = "com.gmail-yoshiki.tx.aozora";
				PRODUCT_NAME = "$(TARGET_NAME)";
				SWIFT_VERSION = 5.0;
				TARGETED_DEVICE_FAMILY = "1,2";
			};
			name = Release;
		};
		6F5FC20327465FB600423B08 /* Debug */ = {
			isa = XCBuildConfiguration;
			buildSettings = {
				ALWAYS_EMBED_SWIFT_STANDARD_LIBRARIES = YES;
				BUNDLE_LOADER = "$(TEST_HOST)";
				CODE_SIGN_STYLE = Automatic;
				DEVELOPMENT_TEAM = TDK24MYJKX;
				INFOPLIST_FILE = aozoraTests/Info.plist;
				IPHONEOS_DEPLOYMENT_TARGET = 14.5;
				LD_RUNPATH_SEARCH_PATHS = (
					"$(inherited)",
					"@executable_path/Frameworks",
					"@loader_path/Frameworks",
				);
				PRODUCT_BUNDLE_IDENTIFIER = "com.gmail-yoshiki.tx12252812.aozoraTests";
				PRODUCT_NAME = "$(TARGET_NAME)";
				SWIFT_VERSION = 5.0;
				TARGETED_DEVICE_FAMILY = "1,2";
				TEST_HOST = "$(BUILT_PRODUCTS_DIR)/aozora.app/aozora";
			};
			name = Debug;
		};
		6F5FC20427465FB600423B08 /* Release */ = {
			isa = XCBuildConfiguration;
			buildSettings = {
				ALWAYS_EMBED_SWIFT_STANDARD_LIBRARIES = YES;
				BUNDLE_LOADER = "$(TEST_HOST)";
				CODE_SIGN_STYLE = Automatic;
				DEVELOPMENT_TEAM = TDK24MYJKX;
				INFOPLIST_FILE = aozoraTests/Info.plist;
				IPHONEOS_DEPLOYMENT_TARGET = 14.5;
				LD_RUNPATH_SEARCH_PATHS = (
					"$(inherited)",
					"@executable_path/Frameworks",
					"@loader_path/Frameworks",
				);
				PRODUCT_BUNDLE_IDENTIFIER = "com.gmail-yoshiki.tx12252812.aozoraTests";
				PRODUCT_NAME = "$(TARGET_NAME)";
				SWIFT_VERSION = 5.0;
				TARGETED_DEVICE_FAMILY = "1,2";
				TEST_HOST = "$(BUILT_PRODUCTS_DIR)/aozora.app/aozora";
			};
			name = Release;
		};
		6F5FC20627465FB600423B08 /* Debug */ = {
			isa = XCBuildConfiguration;
			buildSettings = {
				ALWAYS_EMBED_SWIFT_STANDARD_LIBRARIES = YES;
				CODE_SIGN_STYLE = Automatic;
				DEVELOPMENT_TEAM = TDK24MYJKX;
				INFOPLIST_FILE = aozoraUITests/Info.plist;
				LD_RUNPATH_SEARCH_PATHS = (
					"$(inherited)",
					"@executable_path/Frameworks",
					"@loader_path/Frameworks",
				);
				PRODUCT_BUNDLE_IDENTIFIER = "com.gmail-yoshiki.tx12252812.aozoraUITests";
				PRODUCT_NAME = "$(TARGET_NAME)";
				SWIFT_VERSION = 5.0;
				TARGETED_DEVICE_FAMILY = "1,2";
				TEST_TARGET_NAME = aozora;
			};
			name = Debug;
		};
		6F5FC20727465FB600423B08 /* Release */ = {
			isa = XCBuildConfiguration;
			buildSettings = {
				ALWAYS_EMBED_SWIFT_STANDARD_LIBRARIES = YES;
				CODE_SIGN_STYLE = Automatic;
				DEVELOPMENT_TEAM = TDK24MYJKX;
				INFOPLIST_FILE = aozoraUITests/Info.plist;
				LD_RUNPATH_SEARCH_PATHS = (
					"$(inherited)",
					"@executable_path/Frameworks",
					"@loader_path/Frameworks",
				);
				PRODUCT_BUNDLE_IDENTIFIER = "com.gmail-yoshiki.tx12252812.aozoraUITests";
				PRODUCT_NAME = "$(TARGET_NAME)";
				SWIFT_VERSION = 5.0;
				TARGETED_DEVICE_FAMILY = "1,2";
				TEST_TARGET_NAME = aozora;
			};
			name = Release;
		};
/* End XCBuildConfiguration section */

/* Begin XCConfigurationList section */
		6F5FC1D027465FAF00423B08 /* Build configuration list for PBXProject "aozora" */ = {
			isa = XCConfigurationList;
			buildConfigurations = (
				6F5FC1FD27465FB600423B08 /* Debug */,
				6F5FC1FE27465FB600423B08 /* Release */,
			);
			defaultConfigurationIsVisible = 0;
			defaultConfigurationName = Release;
		};
		6F5FC1FF27465FB600423B08 /* Build configuration list for PBXNativeTarget "aozora" */ = {
			isa = XCConfigurationList;
			buildConfigurations = (
				6F5FC20027465FB600423B08 /* Debug */,
				6F5FC20127465FB600423B08 /* Release */,
			);
			defaultConfigurationIsVisible = 0;
			defaultConfigurationName = Release;
		};
		6F5FC20227465FB600423B08 /* Build configuration list for PBXNativeTarget "aozoraTests" */ = {
			isa = XCConfigurationList;
			buildConfigurations = (
				6F5FC20327465FB600423B08 /* Debug */,
				6F5FC20427465FB600423B08 /* Release */,
			);
			defaultConfigurationIsVisible = 0;
			defaultConfigurationName = Release;
		};
		6F5FC20527465FB600423B08 /* Build configuration list for PBXNativeTarget "aozoraUITests" */ = {
			isa = XCConfigurationList;
			buildConfigurations = (
				6F5FC20627465FB600423B08 /* Debug */,
				6F5FC20727465FB600423B08 /* Release */,
			);
			defaultConfigurationIsVisible = 0;
			defaultConfigurationName = Release;
		};
/* End XCConfigurationList section */

/* Begin XCRemoteSwiftPackageReference section */
		6F5FC208274663D100423B08 /* XCRemoteSwiftPackageReference "realm-cocoa" */ = {
			isa = XCRemoteSwiftPackageReference;
			repositoryURL = "https://github.com/realm/realm-cocoa.git";
			requirement = {
				kind = upToNextMajorVersion;
				minimumVersion = 10.20.0;
			};
		};
/* End XCRemoteSwiftPackageReference section */

/* Begin XCSwiftPackageProductDependency section */
		6F5FC209274663D100423B08 /* Realm */ = {
			isa = XCSwiftPackageProductDependency;
			package = 6F5FC208274663D100423B08 /* XCRemoteSwiftPackageReference "realm-cocoa" */;
			productName = Realm;
		};
		6F5FC20B274663D100423B08 /* RealmSwift */ = {
			isa = XCSwiftPackageProductDependency;
			package = 6F5FC208274663D100423B08 /* XCRemoteSwiftPackageReference "realm-cocoa" */;
			productName = RealmSwift;
		};
/* End XCSwiftPackageProductDependency section */
	};
	rootObject = 6F5FC1CD27465FAF00423B08 /* Project object */;
}
