// !$*UTF8*$!
{
	archiveVersion = 1;
	classes = {
	};
	objectVersion = 52;
	objects = {

/* Begin PBXBuildFile section */
		019CC323D8937EBF5E2ECA3A /* aozoraUITests.swift in Sources */ = {isa = PBXBuildFile; fileRef = 239CF4AF0234D65B139570DF /* aozoraUITests.swift */; };
		05E59C32266CF60133A9976E /* AppDelegate.swift in Sources */ = {isa = PBXBuildFile; fileRef = 42FC308866591DC7047E6581 /* AppDelegate.swift */; };
		1086011C9F7D07814F263AB8 /* ViewController.swift in Sources */ = {isa = PBXBuildFile; fileRef = 6A855976577A0CFA75C95EA4 /* ViewController.swift */; };
		62AEDDCA0B308BE3BBFF5321 /* realm-cocoa in Frameworks */ = {isa = PBXBuildFile; productRef = B5AF330BA7A4904874782226 /* realm-cocoa */; };
		649C27C228CDEC38DF418AFF /* LaunchScreen.storyboard in Resources */ = {isa = PBXBuildFile; fileRef = F83EBE7D785C8DFBA8B28FCB /* LaunchScreen.storyboard */; };
		78A022820F268EAE790F4A2A /* Assets.xcassets in Resources */ = {isa = PBXBuildFile; fileRef = 2B36EF0BF2F89F8748029FB6 /* Assets.xcassets */; };
		B9D0D61D0B2EC30A6CAF8A98 /* SceneDelegate.swift in Sources */ = {isa = PBXBuildFile; fileRef = 8C44F6518880F5A5E49B2B3E /* SceneDelegate.swift */; };
		C58290444C7C5766F4ADDD25 /* Main.storyboard in Resources */ = {isa = PBXBuildFile; fileRef = 6045A1469E90B6579098ACCA /* Main.storyboard */; };
		FBCA5271869AF7B480646D47 /* aozoraTests.swift in Sources */ = {isa = PBXBuildFile; fileRef = 3776539C3F5ACC3C4E9015B0 /* aozoraTests.swift */; };
/* End PBXBuildFile section */

/* Begin PBXContainerItemProxy section */
		22C433289A6A3530ACBDB1FB /* PBXContainerItemProxy */ = {
			isa = PBXContainerItemProxy;
			containerPortal = 67DB7F3A91B2D3CB6BD2A56F /* Project object */;
			proxyType = 1;
			remoteGlobalIDString = 083901B3B1DA0837CD419690;
			remoteInfo = aozora;
		};
		B4CF9B65083D246A016FFF2E /* PBXContainerItemProxy */ = {
			isa = PBXContainerItemProxy;
			containerPortal = 67DB7F3A91B2D3CB6BD2A56F /* Project object */;
			proxyType = 1;
			remoteGlobalIDString = 083901B3B1DA0837CD419690;
			remoteInfo = aozora;
		};
/* End PBXContainerItemProxy section */

/* Begin PBXFileReference section */
		0384CC0FABE3383EA49C5341 /* Info.plist */ = {isa = PBXFileReference; lastKnownFileType = text.plist; path = Info.plist; sourceTree = "<group>"; };
		0D291E523BDF3AE8145DBA19 /* aozoraUITests.xctest */ = {isa = PBXFileReference; includeInIndex = 0; lastKnownFileType = wrapper.cfbundle; path = aozoraUITests.xctest; sourceTree = BUILT_PRODUCTS_DIR; };
		21A35123EB3412D1B01C6045 /* Info.plist */ = {isa = PBXFileReference; lastKnownFileType = text.plist; path = Info.plist; sourceTree = "<group>"; };
		239CF4AF0234D65B139570DF /* aozoraUITests.swift */ = {isa = PBXFileReference; lastKnownFileType = sourcecode.swift; path = aozoraUITests.swift; sourceTree = "<group>"; };
		2454E4EDAA84C43C4534CFD0 /* aozoraTests.xctest */ = {isa = PBXFileReference; includeInIndex = 0; lastKnownFileType = wrapper.cfbundle; path = aozoraTests.xctest; sourceTree = BUILT_PRODUCTS_DIR; };
		2B36EF0BF2F89F8748029FB6 /* Assets.xcassets */ = {isa = PBXFileReference; lastKnownFileType = folder.assetcatalog; path = Assets.xcassets; sourceTree = "<group>"; };
		30C9617A7E2DCBBC57F6DAFA /* Base */ = {isa = PBXFileReference; lastKnownFileType = file.storyboard; name = Base; path = Base.lproj/LaunchScreen.storyboard; sourceTree = "<group>"; };
		3776539C3F5ACC3C4E9015B0 /* aozoraTests.swift */ = {isa = PBXFileReference; lastKnownFileType = sourcecode.swift; path = aozoraTests.swift; sourceTree = "<group>"; };
		40F6FDD0DEE5690D5AC6126B /* Base */ = {isa = PBXFileReference; lastKnownFileType = file.storyboard; name = Base; path = Base.lproj/Main.storyboard; sourceTree = "<group>"; };
		42FC308866591DC7047E6581 /* AppDelegate.swift */ = {isa = PBXFileReference; lastKnownFileType = sourcecode.swift; path = AppDelegate.swift; sourceTree = "<group>"; };
		4F7766F4414C734F3B149D20 /* aozora.app */ = {isa = PBXFileReference; includeInIndex = 0; lastKnownFileType = wrapper.application; path = aozora.app; sourceTree = BUILT_PRODUCTS_DIR; };
		6A855976577A0CFA75C95EA4 /* ViewController.swift */ = {isa = PBXFileReference; lastKnownFileType = sourcecode.swift; path = ViewController.swift; sourceTree = "<group>"; };
		8C44F6518880F5A5E49B2B3E /* SceneDelegate.swift */ = {isa = PBXFileReference; lastKnownFileType = sourcecode.swift; path = SceneDelegate.swift; sourceTree = "<group>"; };
		B0310CE153D868FACC652947 /* Info.plist */ = {isa = PBXFileReference; lastKnownFileType = text.plist; path = Info.plist; sourceTree = "<group>"; };
/* End PBXFileReference section */

/* Begin PBXFrameworksBuildPhase section */
		792D0F29E1D48143DA110F70 /* Frameworks */ = {
			isa = PBXFrameworksBuildPhase;
			buildActionMask = 2147483647;
			files = (
				62AEDDCA0B308BE3BBFF5321 /* realm-cocoa in Frameworks */,
			);
			runOnlyForDeploymentPostprocessing = 0;
		};
/* End PBXFrameworksBuildPhase section */

/* Begin PBXGroup section */
		5E5140231AB074A83EF53561 /* aozora */ = {
			isa = PBXGroup;
			children = (
				2B36EF0BF2F89F8748029FB6 /* Assets.xcassets */,
				D95110DA7506E0DD51CF9FFF /* Source */,
				7BB5DF6E0836D1F244E94FFB /* Supporting Files */,
				B80718E6E33275DF1C8BD9E1 /* UI */,
			);
			path = aozora;
			sourceTree = "<group>";
		};
		74AA34792D11E9EB88FD7B35 /* ViewController */ = {
			isa = PBXGroup;
			children = (
				6A855976577A0CFA75C95EA4 /* ViewController.swift */,
			);
			path = ViewController;
			sourceTree = "<group>";
		};
		7BB5DF6E0836D1F244E94FFB /* Supporting Files */ = {
			isa = PBXGroup;
			children = (
				21A35123EB3412D1B01C6045 /* Info.plist */,
			);
			path = "Supporting Files";
			sourceTree = "<group>";
		};
		AD0607C5A4176F7C6AF92692 /* Products */ = {
			isa = PBXGroup;
			children = (
				4F7766F4414C734F3B149D20 /* aozora.app */,
				2454E4EDAA84C43C4534CFD0 /* aozoraTests.xctest */,
				0D291E523BDF3AE8145DBA19 /* aozoraUITests.xctest */,
			);
			name = Products;
			sourceTree = "<group>";
		};
		B80718E6E33275DF1C8BD9E1 /* UI */ = {
			isa = PBXGroup;
			children = (
				F83EBE7D785C8DFBA8B28FCB /* LaunchScreen.storyboard */,
				6045A1469E90B6579098ACCA /* Main.storyboard */,
			);
			path = UI;
			sourceTree = "<group>";
		};
		D95110DA7506E0DD51CF9FFF /* Source */ = {
			isa = PBXGroup;
			children = (
				42FC308866591DC7047E6581 /* AppDelegate.swift */,
				8C44F6518880F5A5E49B2B3E /* SceneDelegate.swift */,
				74AA34792D11E9EB88FD7B35 /* ViewController */,
			);
			path = Source;
			sourceTree = "<group>";
		};
		DF92BEDC832333072264DBB8 /* aozoraTests */ = {
			isa = PBXGroup;
			children = (
				3776539C3F5ACC3C4E9015B0 /* aozoraTests.swift */,
				B0310CE153D868FACC652947 /* Info.plist */,
			);
			path = aozoraTests;
			sourceTree = "<group>";
		};
		E7C2F6DE843669E31CE3FC8F /* aozoraUITests */ = {
			isa = PBXGroup;
			children = (
				239CF4AF0234D65B139570DF /* aozoraUITests.swift */,
				0384CC0FABE3383EA49C5341 /* Info.plist */,
			);
			path = aozoraUITests;
			sourceTree = "<group>";
		};
		E9F3E68686CF3F3618D7ABB6 = {
			isa = PBXGroup;
			children = (
				5E5140231AB074A83EF53561 /* aozora */,
				DF92BEDC832333072264DBB8 /* aozoraTests */,
				E7C2F6DE843669E31CE3FC8F /* aozoraUITests */,
				AD0607C5A4176F7C6AF92692 /* Products */,
			);
			sourceTree = "<group>";
		};
/* End PBXGroup section */

/* Begin PBXNativeTarget section */
		083901B3B1DA0837CD419690 /* aozora */ = {
			isa = PBXNativeTarget;
			buildConfigurationList = 6DF10AFE93007AD70B71615D /* Build configuration list for PBXNativeTarget "aozora" */;
			buildPhases = (
				C2F7B28AE040EDE1C5997841 /* Sources */,
				E153A2834C24963FC72BF8B4 /* Resources */,
				792D0F29E1D48143DA110F70 /* Frameworks */,
			);
			buildRules = (
			);
			dependencies = (
			);
			name = aozora;
			packageProductDependencies = (
				B5AF330BA7A4904874782226 /* realm-cocoa */,
			);
			productName = aozora;
			productReference = 4F7766F4414C734F3B149D20 /* aozora.app */;
			productType = "com.apple.product-type.application";
		};
		9212B627F7070E35235AEB0C /* aozoraTests */ = {
			isa = PBXNativeTarget;
			buildConfigurationList = 384A79CB33CA896A7D22A1FD /* Build configuration list for PBXNativeTarget "aozoraTests" */;
			buildPhases = (
				5A5F75C06D28F57F6C24289E /* Sources */,
			);
			buildRules = (
			);
			dependencies = (
				F48D5079BAEC44C4B7413469 /* PBXTargetDependency */,
			);
			name = aozoraTests;
			productName = aozoraTests;
			productReference = 2454E4EDAA84C43C4534CFD0 /* aozoraTests.xctest */;
			productType = "com.apple.product-type.bundle.unit-test";
		};
		99182E3AF2EC02E6B281229C /* aozoraUITests */ = {
			isa = PBXNativeTarget;
			buildConfigurationList = 543EDD40F1F2EB897F7C1F35 /* Build configuration list for PBXNativeTarget "aozoraUITests" */;
			buildPhases = (
				0719CA0E26EED59F63D131E6 /* Sources */,
			);
			buildRules = (
			);
			dependencies = (
				0ADC6AA3A2A2889520F60F59 /* PBXTargetDependency */,
			);
			name = aozoraUITests;
			productName = aozoraUITests;
			productReference = 0D291E523BDF3AE8145DBA19 /* aozoraUITests.xctest */;
			productType = "com.apple.product-type.bundle.ui-testing";
		};
/* End PBXNativeTarget section */

/* Begin PBXProject section */
		67DB7F3A91B2D3CB6BD2A56F /* Project object */ = {
			isa = PBXProject;
			attributes = {
				LastUpgradeCheck = 1200;
				TargetAttributes = {
					99182E3AF2EC02E6B281229C = {
						TestTargetID = 083901B3B1DA0837CD419690;
					};
				};
			};
			buildConfigurationList = 1C01A76000BC5D55448787E5 /* Build configuration list for PBXProject "aozora" */;
			compatibilityVersion = "Xcode 10.0";
			developmentRegion = ja;
			hasScannedForEncodings = 0;
			knownRegions = (
				Base,
				ja,
			);
			mainGroup = E9F3E68686CF3F3618D7ABB6;
			packageReferences = (
				90D7A805E3B1C8DEE2047251 /* XCRemoteSwiftPackageReference "realm-cocoa" */,
			);
			projectDirPath = "";
			projectRoot = "";
			targets = (
				083901B3B1DA0837CD419690 /* aozora */,
				9212B627F7070E35235AEB0C /* aozoraTests */,
				99182E3AF2EC02E6B281229C /* aozoraUITests */,
			);
		};
/* End PBXProject section */

/* Begin PBXResourcesBuildPhase section */
		E153A2834C24963FC72BF8B4 /* Resources */ = {
			isa = PBXResourcesBuildPhase;
			buildActionMask = 2147483647;
			files = (
				78A022820F268EAE790F4A2A /* Assets.xcassets in Resources */,
				649C27C228CDEC38DF418AFF /* LaunchScreen.storyboard in Resources */,
				C58290444C7C5766F4ADDD25 /* Main.storyboard in Resources */,
			);
			runOnlyForDeploymentPostprocessing = 0;
		};
/* End PBXResourcesBuildPhase section */

/* Begin PBXSourcesBuildPhase section */
		0719CA0E26EED59F63D131E6 /* Sources */ = {
			isa = PBXSourcesBuildPhase;
			buildActionMask = 2147483647;
			files = (
				019CC323D8937EBF5E2ECA3A /* aozoraUITests.swift in Sources */,
			);
			runOnlyForDeploymentPostprocessing = 0;
		};
		5A5F75C06D28F57F6C24289E /* Sources */ = {
			isa = PBXSourcesBuildPhase;
			buildActionMask = 2147483647;
			files = (
				FBCA5271869AF7B480646D47 /* aozoraTests.swift in Sources */,
			);
			runOnlyForDeploymentPostprocessing = 0;
		};
		C2F7B28AE040EDE1C5997841 /* Sources */ = {
			isa = PBXSourcesBuildPhase;
			buildActionMask = 2147483647;
			files = (
				05E59C32266CF60133A9976E /* AppDelegate.swift in Sources */,
				B9D0D61D0B2EC30A6CAF8A98 /* SceneDelegate.swift in Sources */,
				1086011C9F7D07814F263AB8 /* ViewController.swift in Sources */,
			);
			runOnlyForDeploymentPostprocessing = 0;
		};
/* End PBXSourcesBuildPhase section */

/* Begin PBXTargetDependency section */
		0ADC6AA3A2A2889520F60F59 /* PBXTargetDependency */ = {
			isa = PBXTargetDependency;
			target = 083901B3B1DA0837CD419690 /* aozora */;
			targetProxy = 22C433289A6A3530ACBDB1FB /* PBXContainerItemProxy */;
		};
		F48D5079BAEC44C4B7413469 /* PBXTargetDependency */ = {
			isa = PBXTargetDependency;
			target = 083901B3B1DA0837CD419690 /* aozora */;
			targetProxy = B4CF9B65083D246A016FFF2E /* PBXContainerItemProxy */;
		};
/* End PBXTargetDependency section */

/* Begin PBXVariantGroup section */
		6045A1469E90B6579098ACCA /* Main.storyboard */ = {
			isa = PBXVariantGroup;
			children = (
				40F6FDD0DEE5690D5AC6126B /* Base */,
			);
			name = Main.storyboard;
			sourceTree = "<group>";
		};
		F83EBE7D785C8DFBA8B28FCB /* LaunchScreen.storyboard */ = {
			isa = PBXVariantGroup;
			children = (
				30C9617A7E2DCBBC57F6DAFA /* Base */,
			);
			name = LaunchScreen.storyboard;
			sourceTree = "<group>";
		};
/* End PBXVariantGroup section */

/* Begin XCBuildConfiguration section */
		01B94516AA86D9518B096395 /* Debug */ = {
			isa = XCBuildConfiguration;
			buildSettings = {
				ASSETCATALOG_COMPILER_APPICON_NAME = AppIcon;
				CODE_SIGN_IDENTITY = "iPhone Developer";
				INFOPLIST_FILE = "aozora/Supporting Files/Info.plist";
				IPHONEOS_DEPLOYMENT_TARGET = 14.5;
				LD_RUNPATH_SEARCH_PATHS = (
					"$(inherited)",
					"@executable_path/Frameworks",
				);
				PRODUCT_BUNDLE_IDENTIFIER = "com.gmail-yoshiki.tx.aozora";
				SDKROOT = iphoneos;
				TARGETED_DEVICE_FAMILY = "1,2";
			};
			name = Debug;
		};
		2F3E8D5C2AB1642DC4FD6C69 /* Release */ = {
			isa = XCBuildConfiguration;
			buildSettings = {
				ALWAYS_SEARCH_USER_PATHS = NO;
				CLANG_ANALYZER_NONNULL = YES;
				CLANG_ANALYZER_NUMBER_OBJECT_CONVERSION = YES_AGGRESSIVE;
				CLANG_CXX_LANGUAGE_STANDARD = "gnu++14";
				CLANG_CXX_LIBRARY = "libc++";
				CLANG_ENABLE_MODULES = YES;
				CLANG_ENABLE_OBJC_ARC = YES;
				CLANG_ENABLE_OBJC_WEAK = YES;
				CLANG_WARN_BLOCK_CAPTURE_AUTORELEASING = YES;
				CLANG_WARN_BOOL_CONVERSION = YES;
				CLANG_WARN_COMMA = YES;
				CLANG_WARN_CONSTANT_CONVERSION = YES;
				CLANG_WARN_DEPRECATED_OBJC_IMPLEMENTATIONS = YES;
				CLANG_WARN_DIRECT_OBJC_ISA_USAGE = YES_ERROR;
				CLANG_WARN_DOCUMENTATION_COMMENTS = YES;
				CLANG_WARN_EMPTY_BODY = YES;
				CLANG_WARN_ENUM_CONVERSION = YES;
				CLANG_WARN_INFINITE_RECURSION = YES;
				CLANG_WARN_INT_CONVERSION = YES;
				CLANG_WARN_NON_LITERAL_NULL_CONVERSION = YES;
				CLANG_WARN_OBJC_IMPLICIT_RETAIN_SELF = YES;
				CLANG_WARN_OBJC_LITERAL_CONVERSION = YES;
				CLANG_WARN_OBJC_ROOT_CLASS = YES_ERROR;
				CLANG_WARN_QUOTED_INCLUDE_IN_FRAMEWORK_HEADER = YES;
				CLANG_WARN_RANGE_LOOP_ANALYSIS = YES;
				CLANG_WARN_STRICT_PROTOTYPES = YES;
				CLANG_WARN_SUSPICIOUS_MOVE = YES;
				CLANG_WARN_UNGUARDED_AVAILABILITY = YES_AGGRESSIVE;
				CLANG_WARN_UNREACHABLE_CODE = YES;
				CLANG_WARN__DUPLICATE_METHOD_MATCH = YES;
				COPY_PHASE_STRIP = NO;
				DEBUG_INFORMATION_FORMAT = "dwarf-with-dsym";
				ENABLE_NS_ASSERTIONS = NO;
				ENABLE_STRICT_OBJC_MSGSEND = YES;
				GCC_C_LANGUAGE_STANDARD = gnu11;
				GCC_NO_COMMON_BLOCKS = YES;
				GCC_WARN_64_TO_32_BIT_CONVERSION = YES;
				GCC_WARN_ABOUT_RETURN_TYPE = YES_ERROR;
				GCC_WARN_UNDECLARED_SELECTOR = YES;
				GCC_WARN_UNINITIALIZED_AUTOS = YES_AGGRESSIVE;
				GCC_WARN_UNUSED_FUNCTION = YES;
				GCC_WARN_UNUSED_VARIABLE = YES;
				MTL_ENABLE_DEBUG_INFO = NO;
				MTL_FAST_MATH = YES;
				PRODUCT_NAME = "$(TARGET_NAME)";
				SDKROOT = iphoneos;
				SWIFT_COMPILATION_MODE = wholemodule;
				SWIFT_OPTIMIZATION_LEVEL = "-O";
				SWIFT_VERSION = 5.0;
			};
			name = Release;
		};
		3A23F245E41F02F6463BA378 /* Release */ = {
			isa = XCBuildConfiguration;
			buildSettings = {
				BUNDLE_LOADER = "$(TEST_HOST)";
				INFOPLIST_FILE = aozoraUITests/Info.plist;
				LD_RUNPATH_SEARCH_PATHS = (
					"$(inherited)",
					"@executable_path/Frameworks",
					"@loader_path/Frameworks",
				);
				PRODUCT_BUNDLE_IDENTIFIER = "com.gmail-yoshiki.tx.aozoraUITests";
				SDKROOT = iphoneos;
				TARGETED_DEVICE_FAMILY = "1,2";
				TEST_TARGET_NAME = aozora;
			};
			name = Release;
		};
		415D91CC65AF1365DA8C6497 /* Release */ = {
			isa = XCBuildConfiguration;
			buildSettings = {
				BUNDLE_LOADER = "$(TEST_HOST)";
				INFOPLIST_FILE = aozoraTests/Info.plist;
				LD_RUNPATH_SEARCH_PATHS = (
					"$(inherited)",
					"@executable_path/Frameworks",
					"@loader_path/Frameworks",
				);
				PRODUCT_BUNDLE_IDENTIFIER = "com.gmail-yoshiki.tx.aozoraTests";
				SDKROOT = iphoneos;
				TARGETED_DEVICE_FAMILY = "1,2";
				TEST_HOST = "$(BUILT_PRODUCTS_DIR)/aozora.app/aozora";
			};
			name = Release;
		};
		4619A07773183A9642D92CA7 /* Release */ = {
			isa = XCBuildConfiguration;
			buildSettings = {
				ASSETCATALOG_COMPILER_APPICON_NAME = AppIcon;
				CODE_SIGN_IDENTITY = "iPhone Developer";
				INFOPLIST_FILE = "aozora/Supporting Files/Info.plist";
				IPHONEOS_DEPLOYMENT_TARGET = 14.5;
				LD_RUNPATH_SEARCH_PATHS = (
					"$(inherited)",
					"@executable_path/Frameworks",
				);
				PRODUCT_BUNDLE_IDENTIFIER = "com.gmail-yoshiki.tx.aozora";
				SDKROOT = iphoneos;
				TARGETED_DEVICE_FAMILY = "1,2";
			};
			name = Release;
		};
		65208C4A2CBA420B6CDE727F /* Debug */ = {
			isa = XCBuildConfiguration;
			buildSettings = {
				BUNDLE_LOADER = "$(TEST_HOST)";
				INFOPLIST_FILE = aozoraTests/Info.plist;
				LD_RUNPATH_SEARCH_PATHS = (
					"$(inherited)",
					"@executable_path/Frameworks",
					"@loader_path/Frameworks",
				);
				PRODUCT_BUNDLE_IDENTIFIER = "com.gmail-yoshiki.tx.aozoraTests";
				SDKROOT = iphoneos;
				TARGETED_DEVICE_FAMILY = "1,2";
				TEST_HOST = "$(BUILT_PRODUCTS_DIR)/aozora.app/aozora";
			};
			name = Debug;
		};
		6547A643627EA3782CEBBD05 /* Debug */ = {
			isa = XCBuildConfiguration;
			buildSettings = {
				ALWAYS_SEARCH_USER_PATHS = NO;
				CLANG_ANALYZER_NONNULL = YES;
				CLANG_ANALYZER_NUMBER_OBJECT_CONVERSION = YES_AGGRESSIVE;
				CLANG_CXX_LANGUAGE_STANDARD = "gnu++14";
				CLANG_CXX_LIBRARY = "libc++";
				CLANG_ENABLE_MODULES = YES;
				CLANG_ENABLE_OBJC_ARC = YES;
				CLANG_ENABLE_OBJC_WEAK = YES;
				CLANG_WARN_BLOCK_CAPTURE_AUTORELEASING = YES;
				CLANG_WARN_BOOL_CONVERSION = YES;
				CLANG_WARN_COMMA = YES;
				CLANG_WARN_CONSTANT_CONVERSION = YES;
				CLANG_WARN_DEPRECATED_OBJC_IMPLEMENTATIONS = YES;
				CLANG_WARN_DIRECT_OBJC_ISA_USAGE = YES_ERROR;
				CLANG_WARN_DOCUMENTATION_COMMENTS = YES;
				CLANG_WARN_EMPTY_BODY = YES;
				CLANG_WARN_ENUM_CONVERSION = YES;
				CLANG_WARN_INFINITE_RECURSION = YES;
				CLANG_WARN_INT_CONVERSION = YES;
				CLANG_WARN_NON_LITERAL_NULL_CONVERSION = YES;
				CLANG_WARN_OBJC_IMPLICIT_RETAIN_SELF = YES;
				CLANG_WARN_OBJC_LITERAL_CONVERSION = YES;
				CLANG_WARN_OBJC_ROOT_CLASS = YES_ERROR;
				CLANG_WARN_QUOTED_INCLUDE_IN_FRAMEWORK_HEADER = YES;
				CLANG_WARN_RANGE_LOOP_ANALYSIS = YES;
				CLANG_WARN_STRICT_PROTOTYPES = YES;
				CLANG_WARN_SUSPICIOUS_MOVE = YES;
				CLANG_WARN_UNGUARDED_AVAILABILITY = YES_AGGRESSIVE;
				CLANG_WARN_UNREACHABLE_CODE = YES;
				CLANG_WARN__DUPLICATE_METHOD_MATCH = YES;
				COPY_PHASE_STRIP = NO;
				DEBUG_INFORMATION_FORMAT = dwarf;
				ENABLE_STRICT_OBJC_MSGSEND = YES;
				ENABLE_TESTABILITY = YES;
				GCC_C_LANGUAGE_STANDARD = gnu11;
				GCC_DYNAMIC_NO_PIC = NO;
				GCC_NO_COMMON_BLOCKS = YES;
				GCC_OPTIMIZATION_LEVEL = 0;
				GCC_PREPROCESSOR_DEFINITIONS = (
					"$(inherited)",
					"DEBUG=1",
				);
				GCC_WARN_64_TO_32_BIT_CONVERSION = YES;
				GCC_WARN_ABOUT_RETURN_TYPE = YES_ERROR;
				GCC_WARN_UNDECLARED_SELECTOR = YES;
				GCC_WARN_UNINITIALIZED_AUTOS = YES_AGGRESSIVE;
				GCC_WARN_UNUSED_FUNCTION = YES;
				GCC_WARN_UNUSED_VARIABLE = YES;
				MTL_ENABLE_DEBUG_INFO = INCLUDE_SOURCE;
				MTL_FAST_MATH = YES;
				ONLY_ACTIVE_ARCH = YES;
				PRODUCT_NAME = "$(TARGET_NAME)";
				SDKROOT = iphoneos;
				SWIFT_ACTIVE_COMPILATION_CONDITIONS = DEBUG;
				SWIFT_OPTIMIZATION_LEVEL = "-Onone";
				SWIFT_VERSION = 5.0;
			};
			name = Debug;
		};
		D01509F0A3A3063E6D3906B9 /* Debug */ = {
			isa = XCBuildConfiguration;
			buildSettings = {
				BUNDLE_LOADER = "$(TEST_HOST)";
				INFOPLIST_FILE = aozoraUITests/Info.plist;
				LD_RUNPATH_SEARCH_PATHS = (
					"$(inherited)",
					"@executable_path/Frameworks",
					"@loader_path/Frameworks",
				);
				PRODUCT_BUNDLE_IDENTIFIER = "com.gmail-yoshiki.tx.aozoraUITests";
				SDKROOT = iphoneos;
				TARGETED_DEVICE_FAMILY = "1,2";
				TEST_TARGET_NAME = aozora;
			};
			name = Debug;
		};
/* End XCBuildConfiguration section */

/* Begin XCConfigurationList section */
		1C01A76000BC5D55448787E5 /* Build configuration list for PBXProject "aozora" */ = {
			isa = XCConfigurationList;
			buildConfigurations = (
				6547A643627EA3782CEBBD05 /* Debug */,
				2F3E8D5C2AB1642DC4FD6C69 /* Release */,
			);
			defaultConfigurationIsVisible = 0;
			defaultConfigurationName = Debug;
		};
		384A79CB33CA896A7D22A1FD /* Build configuration list for PBXNativeTarget "aozoraTests" */ = {
			isa = XCConfigurationList;
			buildConfigurations = (
				65208C4A2CBA420B6CDE727F /* Debug */,
				415D91CC65AF1365DA8C6497 /* Release */,
			);
			defaultConfigurationIsVisible = 0;
			defaultConfigurationName = Debug;
		};
		543EDD40F1F2EB897F7C1F35 /* Build configuration list for PBXNativeTarget "aozoraUITests" */ = {
			isa = XCConfigurationList;
			buildConfigurations = (
				D01509F0A3A3063E6D3906B9 /* Debug */,
				3A23F245E41F02F6463BA378 /* Release */,
			);
			defaultConfigurationIsVisible = 0;
			defaultConfigurationName = Debug;
		};
		6DF10AFE93007AD70B71615D /* Build configuration list for PBXNativeTarget "aozora" */ = {
			isa = XCConfigurationList;
			buildConfigurations = (
				01B94516AA86D9518B096395 /* Debug */,
				4619A07773183A9642D92CA7 /* Release */,
			);
			defaultConfigurationIsVisible = 0;
			defaultConfigurationName = Debug;
		};
/* End XCConfigurationList section */

/* Begin XCRemoteSwiftPackageReference section */
		90D7A805E3B1C8DEE2047251 /* XCRemoteSwiftPackageReference "realm-cocoa" */ = {
			isa = XCRemoteSwiftPackageReference;
			repositoryURL = "https://github.com/realm/realm-cocoa";
			requirement = {
				kind = exactVersion;
				version = 10.20.0;
			};
		};
/* End XCRemoteSwiftPackageReference section */

/* Begin XCSwiftPackageProductDependency section */
		B5AF330BA7A4904874782226 /* realm-cocoa */ = {
			isa = XCSwiftPackageProductDependency;
			package = 90D7A805E3B1C8DEE2047251 /* XCRemoteSwiftPackageReference "realm-cocoa" */;
			productName = "realm-cocoa";
		};
/* End XCSwiftPackageProductDependency section */
	};
	rootObject = 67DB7F3A91B2D3CB6BD2A56F /* Project object */;
}
